<?xml version="1.0" encoding="utf-8"?>
<Project ToolsVersion="4.0" xmlns="http://schemas.microsoft.com/developer/msbuild/2003">
  <ItemGroup>
    <Filter Include="源文件">
      <UniqueIdentifier>{4FC737F1-C7A5-4376-A066-2A32D752A2FF}</UniqueIdentifier>
      <Extensions>cpp;c;cc;cxx;def;odl;idl;hpj;bat;asm;asmx</Extensions>
    </Filter>
    <Filter Include="头文件">
      <UniqueIdentifier>{93995380-89BD-4b04-88EB-625FBE52EBFB}</UniqueIdentifier>
      <Extensions>h;hh;hpp;hxx;hm;inl;inc;xsd</Extensions>
    </Filter>
    <Filter Include="资源文件">
      <UniqueIdentifier>{67DA6AB6-F800-4c08-8B7A-83BB121AAD01}</UniqueIdentifier>
      <Extensions>rc;ico;cur;bmp;dlg;rc2;rct;bin;rgs;gif;jpg;jpeg;jpe;resx;tiff;tif;png;wav;mfcribbon-ms</Extensions>
    </Filter>
    <Filter Include="Framework">
      <UniqueIdentifier>{3943f37e-2a18-472a-b398-ad8d66c8231e}</UniqueIdentifier>
    </Filter>
    <Filter Include="ProtobufMessage">
      <UniqueIdentifier>{bb03404a-0b8d-4c15-96db-5081ba47009d}</UniqueIdentifier>
    </Filter>
  </ItemGroup>
  <ItemGroup>
    <Text Include="ReadMe.txt" />
  </ItemGroup>
  <ItemGroup>
    <ClInclude Include="stdafx.h">
      <Filter>头文件</Filter>
    </ClInclude>
    <ClInclude Include="IOCPModule.h">
      <Filter>头文件</Filter>
    </ClInclude>
    <ClInclude Include="ServerManage.h">
      <Filter>头文件</Filter>
    </ClInclude>
    <ClInclude Include="SocketContext.h">
      <Filter>头文件</Filter>
    </ClInclude>
    <ClInclude Include="UserInfo.h">
      <Filter>头文件</Filter>
    </ClInclude>
    <ClInclude Include="IOCPDef.h">
      <Filter>头文件</Filter>
    </ClInclude>
    <ClInclude Include="utils.h">
      <Filter>头文件</Filter>
    </ClInclude>
    <ClInclude Include="ResourceManage.h">
      <Filter>头文件</Filter>
    </ClInclude>
    <ClInclude Include="MLock.h">
      <Filter>头文件</Filter>
    </ClInclude>
    <ClInclude Include="IOCPServer.h">
      <Filter>头文件</Filter>
    </ClInclude>
    <ClInclude Include="INetInterface.h">
      <Filter>头文件</Filter>
    </ClInclude>
    <ClInclude Include="MainServer.h">
      <Filter>头文件</Filter>
    </ClInclude>
    <ClInclude Include="Framework\zxl_logging.h">
      <Filter>Framework</Filter>
    </ClInclude>
    <ClInclude Include="Framework\zxu_utils.h">
      <Filter>Framework</Filter>
    </ClInclude>
    <ClInclude Include="IOCPBase.h">
      <Filter>头文件</Filter>
    </ClInclude>
    <ClInclude Include="IOCPClient.h">
      <Filter>头文件</Filter>
    </ClInclude>
    <ClInclude Include="ClientManage.h">
      <Filter>头文件</Filter>
    </ClInclude>
    <ClInclude Include="MainClient.h">
      <Filter>头文件</Filter>
    </ClInclude>
    <ClInclude Include="ProtobufMsg.h">
      <Filter>头文件</Filter>
    </ClInclude>
    <ClInclude Include="ProtobufMessage\Message.pb.h">
      <Filter>ProtobufMessage</Filter>
    </ClInclude>
  </ItemGroup>
  <ItemGroup>
    <ClCompile Include="stdafx.cpp">
      <Filter>源文件</Filter>
    </ClCompile>
    <ClCompile Include="main.cpp">
      <Filter>源文件</Filter>
    </ClCompile>
    <ClCompile Include="IOCPModule.cpp">
      <Filter>源文件</Filter>
    </ClCompile>
    <ClCompile Include="ServerManage.cpp">
      <Filter>源文件</Filter>
    </ClCompile>
    <ClCompile Include="SocketContext.cpp">
      <Filter>源文件</Filter>
    </ClCompile>
    <ClCompile Include="UserInfo.cpp">
      <Filter>源文件</Filter>
    </ClCompile>
    <ClCompile Include="utils.cpp">
      <Filter>源文件</Filter>
    </ClCompile>
    <ClCompile Include="MLock.cpp">
      <Filter>源文件</Filter>
    </ClCompile>
    <ClCompile Include="IOCPServer.cpp">
      <Filter>源文件</Filter>
    </ClCompile>
    <ClCompile Include="INetInterface.cpp">
      <Filter>源文件</Filter>
    </ClCompile>
    <ClCompile Include="MainServer.cpp">
      <Filter>源文件</Filter>
    </ClCompile>
    <ClCompile Include="Framework\zxl_logging.cpp">
      <Filter>Framework</Filter>
    </ClCompile>
    <ClCompile Include="Framework\zxu_utils.cpp">
      <Filter>Framework</Filter>
    </ClCompile>
    <ClCompile Include="IOCPBase.cpp">
      <Filter>源文件</Filter>
    </ClCompile>
    <ClCompile Include="IOCPClient.cpp">
      <Filter>源文件</Filter>
    </ClCompile>
    <ClCompile Include="ClientManage.cpp">
      <Filter>源文件</Filter>
    </ClCompile>
    <ClCompile Include="MainClient.cpp">
      <Filter>源文件</Filter>
    </ClCompile>
    <ClCompile Include="ProtobufMsg.cpp">
      <Filter>源文件</Filter>
    </ClCompile>
    <ClCompile Include="ProtobufMessage\Message.pb.cc">
      <Filter>ProtobufMessage</Filter>
    </ClCompile>
  </ItemGroup>
</Project>