<?xml version="1.0" encoding="utf-8"?>
<Project ToolsVersion="4.0" xmlns="http://schemas.microsoft.com/developer/msbuild/2003">
  <ItemGroup>
    <Filter Include="源文件">
      <UniqueIdentifier>{4FC737F1-C7A5-4376-A066-2A32D752A2FF}</UniqueIdentifier>
      <Extensions>cpp;c;cc;cxx;def;odl;idl;hpj;bat;asm;asmx</Extensions>
    </Filter>
    <Filter Include="头文件">
      <UniqueIdentifier>{93995380-89BD-4b04-88EB-625FBE52EBFB}</UniqueIdentifier>
      <Extensions>h;hh;hpp;hxx;hm;inl;inc;xsd</Extensions>
    </Filter>
    <Filter Include="资源文件">
      <UniqueIdentifier>{67DA6AB6-F800-4c08-8B7A-83BB121AAD01}</UniqueIdentifier>
      <Extensions>rc;ico;cur;bmp;dlg;rc2;rct;bin;rgs;gif;jpg;jpeg;jpe;resx;tiff;tif;png;wav;mfcribbon-ms</Extensions>
    </Filter>
    <Filter Include="MessageBusiness">
      <UniqueIdentifier>{b45d1139-3395-43db-8f3f-6c9db1e43930}</UniqueIdentifier>
    </Filter>
    <Filter Include="Communication">
      <UniqueIdentifier>{a23bda7e-35e9-4bcd-b99a-b6215607f166}</UniqueIdentifier>
    </Filter>
    <Filter Include="ManageBusiness">
      <UniqueIdentifier>{eaf33c1c-8cbc-445a-8523-810dcaa95dad}</UniqueIdentifier>
    </Filter>
    <Filter Include="DatabaseModule">
      <UniqueIdentifier>{37320982-f96c-4d2b-a3b1-993afd6c7e57}</UniqueIdentifier>
    </Filter>
    <Filter Include="include">
      <UniqueIdentifier>{c39f1eae-4cb4-4cf0-8e9b-6a2b511e47c4}</UniqueIdentifier>
    </Filter>
  </ItemGroup>
  <ItemGroup>
    <Text Include="ReadMe.txt" />
  </ItemGroup>
  <ItemGroup>
    <ClInclude Include="MainServer.h">
      <Filter>头文件</Filter>
    </ClInclude>
    <ClInclude Include="MessageBusiness\IMessageBusiness.h">
      <Filter>MessageBusiness</Filter>
    </ClInclude>
    <ClInclude Include="MessageBusiness\IMessageHandle.h">
      <Filter>MessageBusiness</Filter>
    </ClInclude>
    <ClInclude Include="MessageBusiness\LoginMessageHandle.h">
      <Filter>MessageBusiness</Filter>
    </ClInclude>
    <ClInclude Include="MessageBusiness\Message.pb.h">
      <Filter>MessageBusiness</Filter>
    </ClInclude>
    <ClInclude Include="MessageBusiness\MessageBusiness.h">
      <Filter>MessageBusiness</Filter>
    </ClInclude>
    <ClInclude Include="MessageBusiness\ProtobufMsgFactory.h">
      <Filter>MessageBusiness</Filter>
    </ClInclude>
    <ClInclude Include="Communication\CommunicationBusiness.h">
      <Filter>Communication</Filter>
    </ClInclude>
    <ClInclude Include="Communication\ICommunication.h">
      <Filter>Communication</Filter>
    </ClInclude>
    <ClInclude Include="ManageBusiness\ManageBusiness.h">
      <Filter>ManageBusiness</Filter>
    </ClInclude>
    <ClInclude Include="ManageBusiness\UserInfoManage.h">
      <Filter>ManageBusiness</Filter>
    </ClInclude>
    <ClInclude Include="ManageBusiness\IManageBusiness.h">
      <Filter>ManageBusiness</Filter>
    </ClInclude>
    <ClInclude Include="IMainServer.h">
      <Filter>头文件</Filter>
    </ClInclude>
    <ClInclude Include="ImportLibrary.h">
      <Filter>头文件</Filter>
    </ClInclude>
    <ClInclude Include="include\CommonDefine.h">
      <Filter>include</Filter>
    </ClInclude>
    <ClInclude Include="include\EnumDefine.h">
      <Filter>include</Filter>
    </ClInclude>
    <ClInclude Include="include\TypeDefine.h">
      <Filter>include</Filter>
    </ClInclude>
  </ItemGroup>
  <ItemGroup>
    <ClCompile Include="main.cpp">
      <Filter>源文件</Filter>
    </ClCompile>
    <ClCompile Include="MainServer.cpp">
      <Filter>源文件</Filter>
    </ClCompile>
    <ClCompile Include="MessageBusiness\LoginMessageHandle.cpp">
      <Filter>MessageBusiness</Filter>
    </ClCompile>
    <ClCompile Include="MessageBusiness\MessageBusiness.cpp">
      <Filter>MessageBusiness</Filter>
    </ClCompile>
    <ClCompile Include="MessageBusiness\ProtobufMsgFactory.cpp">
      <Filter>MessageBusiness</Filter>
    </ClCompile>
    <ClCompile Include="MessageBusiness\Message.pb.cc">
      <Filter>MessageBusiness</Filter>
    </ClCompile>
    <ClCompile Include="Communication\CommunicationBusiness.cpp">
      <Filter>Communication</Filter>
    </ClCompile>
    <ClCompile Include="ManageBusiness\ManageBusiness.cpp">
      <Filter>ManageBusiness</Filter>
    </ClCompile>
    <ClCompile Include="ManageBusiness\UserInfoManage.cpp">
      <Filter>ManageBusiness</Filter>
    </ClCompile>
  </ItemGroup>
</Project>