
Microsoft Visual Studio Solution File, Format Version 12.00
# Visual Studio 14
VisualStudioVersion = 14.0.25420.1
MinimumVisualStudioVersion = 10.0.40219.1
Project("{8BC9CEB8-8B4A-11D0-8D11-00A0C91BC942}") = "MainServer", "MainServer\MainServer.vcxproj", "{37A23315-9E7E-4859-801C-AECD98478975}"
	ProjectSection(ProjectDependencies) = postProject
		{3BCB497D-EF92-4078-9A2C-6D7F2EBD020C} = {3BCB497D-EF92-4078-9A2C-6D7F2EBD020C}
		{248BC29E-FFC6-4EA4-BA70-79E00A4A19C9} = {248BC29E-FFC6-4EA4-BA70-79E00A4A19C9}
		{797E77B0-FE1B-4F9E-B80F-FA7FFCCEAC66} = {797E77B0-FE1B-4F9E-B80F-FA7FFCCEAC66}
		{ED60ACB4-734B-41F1-99C2-472C31DB25C3} = {ED60ACB4-734B-41F1-99C2-472C31DB25C3}
		{90AF02CA-652E-4B25-A98E-8534B15B1B16} = {90AF02CA-652E-4B25-A98E-8534B15B1B16}
	EndProjectSection
EndProject
Project("{8BC9CEB8-8B4A-11D0-8D11-00A0C91BC942}") = "CommonFile", "CommonFile\CommonFile.vcxproj", "{90AF02CA-652E-4B25-A98E-8534B15B1B16}"
EndProject
Project("{8BC9CEB8-8B4A-11D0-8D11-00A0C91BC942}") = "MessageHandle", "Component\MessageHandle\MessageHandle.vcxproj", "{3BCB497D-EF92-4078-9A2C-6D7F2EBD020C}"
EndProject
Project("{8BC9CEB8-8B4A-11D0-8D11-00A0C91BC942}") = "TCPServer", "Component\TCPServer\TCPServer.vcxproj", "{ED60ACB4-734B-41F1-99C2-472C31DB25C3}"
EndProject
Project("{8BC9CEB8-8B4A-11D0-8D11-00A0C91BC942}") = "ControllerManage", "Controller\ControllerManage\ControllerManage.vcxproj", "{797E77B0-FE1B-4F9E-B80F-FA7FFCCEAC66}"
EndProject
Project("{8BC9CEB8-8B4A-11D0-8D11-00A0C91BC942}") = "ModelManage", "Model\ModelManage\ModelManage.vcxproj", "{248BC29E-FFC6-4EA4-BA70-79E00A4A19C9}"
EndProject
Project("{2150E333-8FDC-42A3-9474-1A3956D46DE8}") = "Controller", "Controller", "{F699CE2A-99CE-4C32-A2E9-6E3FDC2427E8}"
EndProject
Project("{2150E333-8FDC-42A3-9474-1A3956D46DE8}") = "Component", "Component", "{C04992CB-81DE-476E-9675-DF05B6BA96B2}"
EndProject
Project("{2150E333-8FDC-42A3-9474-1A3956D46DE8}") = "Model", "Model", "{92B254DA-16C9-4FF4-9339-90B0150D72CF}"
EndProject
Global
	GlobalSection(SolutionConfigurationPlatforms) = preSolution
		Debug|x64 = Debug|x64
		Debug|x86 = Debug|x86
		Release|x64 = Release|x64
		Release|x86 = Release|x86
	EndGlobalSection
	GlobalSection(ProjectConfigurationPlatforms) = postSolution
		{37A23315-9E7E-4859-801C-AECD98478975}.Debug|x64.ActiveCfg = Debug|x64
		{37A23315-9E7E-4859-801C-AECD98478975}.Debug|x64.Build.0 = Debug|x64
		{37A23315-9E7E-4859-801C-AECD98478975}.Debug|x86.ActiveCfg = Debug|Win32
		{37A23315-9E7E-4859-801C-AECD98478975}.Debug|x86.Build.0 = Debug|Win32
		{37A23315-9E7E-4859-801C-AECD98478975}.Release|x64.ActiveCfg = Release|x64
		{37A23315-9E7E-4859-801C-AECD98478975}.Release|x64.Build.0 = Release|x64
		{37A23315-9E7E-4859-801C-AECD98478975}.Release|x86.ActiveCfg = Release|Win32
		{37A23315-9E7E-4859-801C-AECD98478975}.Release|x86.Build.0 = Release|Win32
		{90AF02CA-652E-4B25-A98E-8534B15B1B16}.Debug|x64.ActiveCfg = Debug|x64
		{90AF02CA-652E-4B25-A98E-8534B15B1B16}.Debug|x64.Build.0 = Debug|x64
		{90AF02CA-652E-4B25-A98E-8534B15B1B16}.Debug|x86.ActiveCfg = Debug|Win32
		{90AF02CA-652E-4B25-A98E-8534B15B1B16}.Debug|x86.Build.0 = Debug|Win32
		{90AF02CA-652E-4B25-A98E-8534B15B1B16}.Release|x64.ActiveCfg = Release|x64
		{90AF02CA-652E-4B25-A98E-8534B15B1B16}.Release|x64.Build.0 = Release|x64
		{90AF02CA-652E-4B25-A98E-8534B15B1B16}.Release|x86.ActiveCfg = Release|Win32
		{90AF02CA-652E-4B25-A98E-8534B15B1B16}.Release|x86.Build.0 = Release|Win32
		{3BCB497D-EF92-4078-9A2C-6D7F2EBD020C}.Debug|x64.ActiveCfg = Debug|x64
		{3BCB497D-EF92-4078-9A2C-6D7F2EBD020C}.Debug|x64.Build.0 = Debug|x64
		{3BCB497D-EF92-4078-9A2C-6D7F2EBD020C}.Debug|x86.ActiveCfg = Debug|Win32
		{3BCB497D-EF92-4078-9A2C-6D7F2EBD020C}.Debug|x86.Build.0 = Debug|Win32
		{3BCB497D-EF92-4078-9A2C-6D7F2EBD020C}.Release|x64.ActiveCfg = Release|x64
		{3BCB497D-EF92-4078-9A2C-6D7F2EBD020C}.Release|x64.Build.0 = Release|x64
		{3BCB497D-EF92-4078-9A2C-6D7F2EBD020C}.Release|x86.ActiveCfg = Release|Win32
		{3BCB497D-EF92-4078-9A2C-6D7F2EBD020C}.Release|x86.Build.0 = Release|Win32
		{ED60ACB4-734B-41F1-99C2-472C31DB25C3}.Debug|x64.ActiveCfg = Debug|x64
		{ED60ACB4-734B-41F1-99C2-472C31DB25C3}.Debug|x64.Build.0 = Debug|x64
		{ED60ACB4-734B-41F1-99C2-472C31DB25C3}.Debug|x86.ActiveCfg = Debug|Win32
		{ED60ACB4-734B-41F1-99C2-472C31DB25C3}.Debug|x86.Build.0 = Debug|Win32
		{ED60ACB4-734B-41F1-99C2-472C31DB25C3}.Release|x64.ActiveCfg = Release|x64
		{ED60ACB4-734B-41F1-99C2-472C31DB25C3}.Release|x64.Build.0 = Release|x64
		{ED60ACB4-734B-41F1-99C2-472C31DB25C3}.Release|x86.ActiveCfg = Release|Win32
		{ED60ACB4-734B-41F1-99C2-472C31DB25C3}.Release|x86.Build.0 = Release|Win32
		{797E77B0-FE1B-4F9E-B80F-FA7FFCCEAC66}.Debug|x64.ActiveCfg = Debug|x64
		{797E77B0-FE1B-4F9E-B80F-FA7FFCCEAC66}.Debug|x64.Build.0 = Debug|x64
		{797E77B0-FE1B-4F9E-B80F-FA7FFCCEAC66}.Debug|x86.ActiveCfg = Debug|Win32
		{797E77B0-FE1B-4F9E-B80F-FA7FFCCEAC66}.Debug|x86.Build.0 = Debug|Win32
		{797E77B0-FE1B-4F9E-B80F-FA7FFCCEAC66}.Release|x64.ActiveCfg = Release|x64
		{797E77B0-FE1B-4F9E-B80F-FA7FFCCEAC66}.Release|x64.Build.0 = Release|x64
		{797E77B0-FE1B-4F9E-B80F-FA7FFCCEAC66}.Release|x86.ActiveCfg = Release|Win32
		{797E77B0-FE1B-4F9E-B80F-FA7FFCCEAC66}.Release|x86.Build.0 = Release|Win32
		{248BC29E-FFC6-4EA4-BA70-79E00A4A19C9}.Debug|x64.ActiveCfg = Debug|x64
		{248BC29E-FFC6-4EA4-BA70-79E00A4A19C9}.Debug|x64.Build.0 = Debug|x64
		{248BC29E-FFC6-4EA4-BA70-79E00A4A19C9}.Debug|x86.ActiveCfg = Debug|Win32
		{248BC29E-FFC6-4EA4-BA70-79E00A4A19C9}.Debug|x86.Build.0 = Debug|Win32
		{248BC29E-FFC6-4EA4-BA70-79E00A4A19C9}.Release|x64.ActiveCfg = Release|x64
		{248BC29E-FFC6-4EA4-BA70-79E00A4A19C9}.Release|x64.Build.0 = Release|x64
		{248BC29E-FFC6-4EA4-BA70-79E00A4A19C9}.Release|x86.ActiveCfg = Release|Win32
		{248BC29E-FFC6-4EA4-BA70-79E00A4A19C9}.Release|x86.Build.0 = Release|Win32
	EndGlobalSection
	GlobalSection(SolutionProperties) = preSolution
		HideSolutionNode = FALSE
	EndGlobalSection
	GlobalSection(NestedProjects) = preSolution
		{3BCB497D-EF92-4078-9A2C-6D7F2EBD020C} = {C04992CB-81DE-476E-9675-DF05B6BA96B2}
		{ED60ACB4-734B-41F1-99C2-472C31DB25C3} = {C04992CB-81DE-476E-9675-DF05B6BA96B2}
		{797E77B0-FE1B-4F9E-B80F-FA7FFCCEAC66} = {F699CE2A-99CE-4C32-A2E9-6E3FDC2427E8}
		{248BC29E-FFC6-4EA4-BA70-79E00A4A19C9} = {92B254DA-16C9-4FF4-9339-90B0150D72CF}
	EndGlobalSection
	GlobalSection(ExtensibilityGlobals) = postSolution
		SolutionGuid = {747B22D3-D839-4E2C-BBD1-31BFFD1124A7}
	EndGlobalSection
EndGlobal
