Microsoft Visual Studio Solution File, Format Version 12.00
# Visual Studio 2013
Project("{8BC9CEB8-8B4A-11D0-8D11-00A0C91BC942}") = "TCPCommunication", "D:/ProgramSrc/ProgramFramework/QClientFramework/Component/TCPCommunication\TCPCommunication.vcxproj", "{AE81810C-A233-34EF-BBA1-31E80507B03A}"
EndProject
Global
	GlobalSection(SolutionConfigurationPlatforms) = preSolution
		Debug|Win32 = Debug|Win32
		Release|Win32 = Release|Win32
	EndGlobalSection
	GlobalSection(ProjectConfigurationPlatforms) = postSolution
		{AE81810C-A233-34EF-BBA1-31E80507B03A}.Debug|Win32.ActiveCfg = Debug|Win32
		{AE81810C-A233-34EF-BBA1-31E80507B03A}.Debug|Win32.Build.0 = Debug|Win32
		{AE81810C-A233-34EF-BBA1-31E80507B03A}.Release|Win32.ActiveCfg = Release|Win32
		{AE81810C-A233-34EF-BBA1-31E80507B03A}.Release|Win32.Build.0 = Release|Win32
	EndGlobalSection
	GlobalSection(ExtensibilityGlobals) = postSolution
	EndGlobalSection
	GlobalSection(ExtensibilityAddIns) = postSolution
	EndGlobalSection
EndGlobal