Microsoft Visual Studio Solution File, Format Version 12.00
# Visual Studio 14
VisualStudioVersion = 14.0.25420.1
MinimumVisualStudioVersion = 10.0.40219.1
Project("{2150E333-8FDC-42A3-9474-1A3956D46DE8}") = "Component", "Component", "{E4A90DD9-B0CE-4C9C-A3DB-2C5D566313F2}"
EndProject
Project("{2150E333-8FDC-42A3-9474-1A3956D46DE8}") = "View", "View", "{B01A210B-273C-426F-B189-CE4A6A824EE8}"
EndProject
Project("{8BC9CEB8-8B4A-11D0-8D11-00A0C91BC942}") = "CommonFile", "CommonFile\CommonFile.vcxproj", "{87143EF0-88AE-313F-AF07-CB73CF5047E8}"
EndProject
Project("{2150E333-8FDC-42A3-9474-1A3956D46DE8}") = "Controller", "Controller", "{6DE0EA11-B7FD-4DD7-85DF-0DBB0ACD76E0}"
EndProject
Project("{2150E333-8FDC-42A3-9474-1A3956D46DE8}") = "Model", "Model", "{4F57E552-5546-4E64-A7E9-FBABB255E5D6}"
EndProject
Project("{8BC9CEB8-8B4A-11D0-8D11-00A0C91BC942}") = "MainWindow", "View\MainWindow\MainWindow.vcxproj", "{C613B524-13CA-3F10-B098-B4B882BC43FE}"
EndProject
Project("{8BC9CEB8-8B4A-11D0-8D11-00A0C91BC942}") = "ModelManage", "Model\ModelManage\ModelManage.vcxproj", "{F85B8738-79F6-3D5E-B828-4A0FFB2E3FE4}"
EndProject
Project("{8BC9CEB8-8B4A-11D0-8D11-00A0C91BC942}") = "TCPCommunication", "Component\TCPCommunication\TCPCommunication.vcxproj", "{5D214C89-EFA9-3972-9FD5-4B464FC8C285}"
EndProject
Project("{8BC9CEB8-8B4A-11D0-8D11-00A0C91BC942}") = "ViewManage", "View\ViewManage\ViewManage.vcxproj", "{925878ED-CC6F-3FBD-A358-2E79C66D9554}"
EndProject
Project("{8BC9CEB8-8B4A-11D0-8D11-00A0C91BC942}") = "ControllerManage", "Controller\ControllerManage\ControllerManage.vcxproj", "{56135590-E46D-3D66-A7F2-ADD87567612F}"
EndProject
Project("{8BC9CEB8-8B4A-11D0-8D11-00A0C91BC942}") = "MainClient", "MainClient\MainClient.vcxproj", "{463DEA88-57EF-34C2-9FE8-9F116F171412}"
	ProjectSection(ProjectDependencies) = postProject
		{C613B524-13CA-3F10-B098-B4B882BC43FE} = {C613B524-13CA-3F10-B098-B4B882BC43FE}
		{F85B8738-79F6-3D5E-B828-4A0FFB2E3FE4} = {F85B8738-79F6-3D5E-B828-4A0FFB2E3FE4}
		{5D214C89-EFA9-3972-9FD5-4B464FC8C285} = {5D214C89-EFA9-3972-9FD5-4B464FC8C285}
		{56135590-E46D-3D66-A7F2-ADD87567612F} = {56135590-E46D-3D66-A7F2-ADD87567612F}
		{FAD949E9-9850-3345-A0C3-8403A7330331} = {FAD949E9-9850-3345-A0C3-8403A7330331}
		{925878ED-CC6F-3FBD-A358-2E79C66D9554} = {925878ED-CC6F-3FBD-A358-2E79C66D9554}
		{87143EF0-88AE-313F-AF07-CB73CF5047E8} = {87143EF0-88AE-313F-AF07-CB73CF5047E8}
	EndProjectSection
EndProject
Project("{8BC9CEB8-8B4A-11D0-8D11-00A0C91BC942}") = "Utility", "Utility\Utility.vcxproj", "{FAD949E9-9850-3345-A0C3-8403A7330331}"
EndProject
Global
	GlobalSection(SolutionConfigurationPlatforms) = preSolution
		Debug|Win32 = Debug|Win32
		Debug|x64 = Debug|x64
		Release|Win32 = Release|Win32
		Release|x64 = Release|x64
	EndGlobalSection
	GlobalSection(ProjectConfigurationPlatforms) = postSolution
		{87143EF0-88AE-313F-AF07-CB73CF5047E8}.Debug|Win32.ActiveCfg = Debug|Win32
		{87143EF0-88AE-313F-AF07-CB73CF5047E8}.Debug|Win32.Build.0 = Debug|Win32
		{87143EF0-88AE-313F-AF07-CB73CF5047E8}.Debug|x64.ActiveCfg = Debug|x64
		{87143EF0-88AE-313F-AF07-CB73CF5047E8}.Debug|x64.Build.0 = Debug|x64
		{87143EF0-88AE-313F-AF07-CB73CF5047E8}.Release|Win32.ActiveCfg = Release|Win32
		{87143EF0-88AE-313F-AF07-CB73CF5047E8}.Release|Win32.Build.0 = Release|Win32
		{87143EF0-88AE-313F-AF07-CB73CF5047E8}.Release|x64.ActiveCfg = Release|x64
		{87143EF0-88AE-313F-AF07-CB73CF5047E8}.Release|x64.Build.0 = Release|x64
		{C613B524-13CA-3F10-B098-B4B882BC43FE}.Debug|Win32.ActiveCfg = Debug|Win32
		{C613B524-13CA-3F10-B098-B4B882BC43FE}.Debug|Win32.Build.0 = Debug|Win32
		{C613B524-13CA-3F10-B098-B4B882BC43FE}.Debug|x64.ActiveCfg = Debug|x64
		{C613B524-13CA-3F10-B098-B4B882BC43FE}.Debug|x64.Build.0 = Debug|x64
		{C613B524-13CA-3F10-B098-B4B882BC43FE}.Release|Win32.ActiveCfg = Release|Win32
		{C613B524-13CA-3F10-B098-B4B882BC43FE}.Release|Win32.Build.0 = Release|Win32
		{C613B524-13CA-3F10-B098-B4B882BC43FE}.Release|x64.ActiveCfg = Release|x64
		{C613B524-13CA-3F10-B098-B4B882BC43FE}.Release|x64.Build.0 = Release|x64
		{F85B8738-79F6-3D5E-B828-4A0FFB2E3FE4}.Debug|Win32.ActiveCfg = Debug|x64
		{F85B8738-79F6-3D5E-B828-4A0FFB2E3FE4}.Debug|x64.ActiveCfg = Debug|x64
		{F85B8738-79F6-3D5E-B828-4A0FFB2E3FE4}.Debug|x64.Build.0 = Debug|x64
		{F85B8738-79F6-3D5E-B828-4A0FFB2E3FE4}.Release|Win32.ActiveCfg = Release|x64
		{F85B8738-79F6-3D5E-B828-4A0FFB2E3FE4}.Release|x64.ActiveCfg = Release|x64
		{F85B8738-79F6-3D5E-B828-4A0FFB2E3FE4}.Release|x64.Build.0 = Release|x64
		{5D214C89-EFA9-3972-9FD5-4B464FC8C285}.Debug|Win32.ActiveCfg = Debug|x64
		{5D214C89-EFA9-3972-9FD5-4B464FC8C285}.Debug|x64.ActiveCfg = Debug|x64
		{5D214C89-EFA9-3972-9FD5-4B464FC8C285}.Debug|x64.Build.0 = Debug|x64
		{5D214C89-EFA9-3972-9FD5-4B464FC8C285}.Release|Win32.ActiveCfg = Release|x64
		{5D214C89-EFA9-3972-9FD5-4B464FC8C285}.Release|x64.ActiveCfg = Release|x64
		{5D214C89-EFA9-3972-9FD5-4B464FC8C285}.Release|x64.Build.0 = Release|x64
		{925878ED-CC6F-3FBD-A358-2E79C66D9554}.Debug|Win32.ActiveCfg = Debug|x64
		{925878ED-CC6F-3FBD-A358-2E79C66D9554}.Debug|x64.ActiveCfg = Debug|x64
		{925878ED-CC6F-3FBD-A358-2E79C66D9554}.Debug|x64.Build.0 = Debug|x64
		{925878ED-CC6F-3FBD-A358-2E79C66D9554}.Release|Win32.ActiveCfg = Release|x64
		{925878ED-CC6F-3FBD-A358-2E79C66D9554}.Release|x64.ActiveCfg = Release|x64
		{925878ED-CC6F-3FBD-A358-2E79C66D9554}.Release|x64.Build.0 = Release|x64
		{56135590-E46D-3D66-A7F2-ADD87567612F}.Debug|Win32.ActiveCfg = Debug|x64
		{56135590-E46D-3D66-A7F2-ADD87567612F}.Debug|x64.ActiveCfg = Debug|x64
		{56135590-E46D-3D66-A7F2-ADD87567612F}.Debug|x64.Build.0 = Debug|x64
		{56135590-E46D-3D66-A7F2-ADD87567612F}.Release|Win32.ActiveCfg = Release|x64
		{56135590-E46D-3D66-A7F2-ADD87567612F}.Release|x64.ActiveCfg = Release|x64
		{56135590-E46D-3D66-A7F2-ADD87567612F}.Release|x64.Build.0 = Release|x64
		{463DEA88-57EF-34C2-9FE8-9F116F171412}.Debug|Win32.ActiveCfg = Debug|Win32
		{463DEA88-57EF-34C2-9FE8-9F116F171412}.Debug|Win32.Build.0 = Debug|Win32
		{463DEA88-57EF-34C2-9FE8-9F116F171412}.Debug|x64.ActiveCfg = Debug|x64
		{463DEA88-57EF-34C2-9FE8-9F116F171412}.Debug|x64.Build.0 = Debug|x64
		{463DEA88-57EF-34C2-9FE8-9F116F171412}.Release|Win32.ActiveCfg = Release|Win32
		{463DEA88-57EF-34C2-9FE8-9F116F171412}.Release|Win32.Build.0 = Release|Win32
		{463DEA88-57EF-34C2-9FE8-9F116F171412}.Release|x64.ActiveCfg = Release|x64
		{463DEA88-57EF-34C2-9FE8-9F116F171412}.Release|x64.Build.0 = Release|x64
		{FAD949E9-9850-3345-A0C3-8403A7330331}.Debug|Win32.ActiveCfg = Debug|Win32
		{FAD949E9-9850-3345-A0C3-8403A7330331}.Debug|Win32.Build.0 = Debug|Win32
		{FAD949E9-9850-3345-A0C3-8403A7330331}.Debug|x64.ActiveCfg = Debug|x64
		{FAD949E9-9850-3345-A0C3-8403A7330331}.Debug|x64.Build.0 = Debug|x64
		{FAD949E9-9850-3345-A0C3-8403A7330331}.Release|Win32.ActiveCfg = Release|Win32
		{FAD949E9-9850-3345-A0C3-8403A7330331}.Release|Win32.Build.0 = Release|Win32
		{FAD949E9-9850-3345-A0C3-8403A7330331}.Release|x64.ActiveCfg = Release|x64
		{FAD949E9-9850-3345-A0C3-8403A7330331}.Release|x64.Build.0 = Release|x64
	EndGlobalSection
	GlobalSection(SolutionProperties) = preSolution
		HideSolutionNode = FALSE
	EndGlobalSection
	GlobalSection(NestedProjects) = preSolution
		{C613B524-13CA-3F10-B098-B4B882BC43FE} = {B01A210B-273C-426F-B189-CE4A6A824EE8}
		{F85B8738-79F6-3D5E-B828-4A0FFB2E3FE4} = {4F57E552-5546-4E64-A7E9-FBABB255E5D6}
		{5D214C89-EFA9-3972-9FD5-4B464FC8C285} = {E4A90DD9-B0CE-4C9C-A3DB-2C5D566313F2}
		{925878ED-CC6F-3FBD-A358-2E79C66D9554} = {B01A210B-273C-426F-B189-CE4A6A824EE8}
		{56135590-E46D-3D66-A7F2-ADD87567612F} = {6DE0EA11-B7FD-4DD7-85DF-0DBB0ACD76E0}
	EndGlobalSection
	GlobalSection(ExtensibilityGlobals) = postSolution
		SolutionGuid = {E6F7418A-99C4-4492-BBF4-FA7A5E602738}
		Qt5Version = msvc2015
	EndGlobalSection
EndGlobal
