Microsoft Visual Studio Solution File, Format Version 12.00
# Visual Studio 2013
VisualStudioVersion = 12.0.40629.0
MinimumVisualStudioVersion = 10.0.40219.1
Project("{8BC9CEB8-8B4A-11D0-8D11-00A0C91BC942}") = "CommonFile", "CommonFile\CommonFile.vcxproj", "{E53B6D90-7B85-3B40-995B-021B771FB982}"
EndProject
Project("{8BC9CEB8-8B4A-11D0-8D11-00A0C91BC942}") = "ViewManage", "View\ViewManage\ViewManage.vcxproj", "{F7E8783A-7B06-3792-9DF7-21BC0B2B1357}"
EndProject
Project("{8BC9CEB8-8B4A-11D0-8D11-00A0C91BC942}") = "MainWindow", "View\MainWindow\MainWindow.vcxproj", "{811D2617-A6BE-35F1-9FF3-719E9AF02B14}"
EndProject
Project("{8BC9CEB8-8B4A-11D0-8D11-00A0C91BC942}") = "ModelManage", "Model\ModelManage\ModelManage.vcxproj", "{9793881B-3BF8-3165-94CB-9B26BF9766AF}"
EndProject
Project("{8BC9CEB8-8B4A-11D0-8D11-00A0C91BC942}") = "ControllerManage", "Controller\ControllerManage\ControllerManage.vcxproj", "{2D77741B-0C0C-36B3-93C5-C41BF2FAC493}"
EndProject
Project("{2150E333-8FDC-42A3-9474-1A3956D46DE8}") = "Component", "Component", "{ED0046B0-AC41-44D8-ABD6-3DEFDC95C791}"
EndProject
Project("{2150E333-8FDC-42A3-9474-1A3956D46DE8}") = "Controller", "Controller", "{6DB60C34-5DDD-4C0F-A9CF-54BFFC853BAB}"
EndProject
Project("{2150E333-8FDC-42A3-9474-1A3956D46DE8}") = "Model", "Model", "{381516EB-3108-4D8B-A4A2-7F4C934E593E}"
EndProject
Project("{2150E333-8FDC-42A3-9474-1A3956D46DE8}") = "View", "View", "{44D4EAFC-A306-42BA-82E0-9E17793D4607}"
EndProject
Project("{8BC9CEB8-8B4A-11D0-8D11-00A0C91BC942}") = "MainClient", "MainClient\MainClient.vcxproj", "{372C9288-24CD-35A6-8525-B43BC5E19DF5}"
	ProjectSection(ProjectDependencies) = postProject
		{AE81810C-A233-34EF-BBA1-31E80507B03A} = {AE81810C-A233-34EF-BBA1-31E80507B03A}
		{811D2617-A6BE-35F1-9FF3-719E9AF02B14} = {811D2617-A6BE-35F1-9FF3-719E9AF02B14}
		{43A7F419-9674-4F0A-95DD-DB52260D1D4D} = {43A7F419-9674-4F0A-95DD-DB52260D1D4D}
		{2D77741B-0C0C-36B3-93C5-C41BF2FAC493} = {2D77741B-0C0C-36B3-93C5-C41BF2FAC493}
		{9793881B-3BF8-3165-94CB-9B26BF9766AF} = {9793881B-3BF8-3165-94CB-9B26BF9766AF}
		{50A20728-F5A5-3E34-B3AD-CD6F6C5F5AA9} = {50A20728-F5A5-3E34-B3AD-CD6F6C5F5AA9}
		{F7E8783A-7B06-3792-9DF7-21BC0B2B1357} = {F7E8783A-7B06-3792-9DF7-21BC0B2B1357}
		{E53B6D90-7B85-3B40-995B-021B771FB982} = {E53B6D90-7B85-3B40-995B-021B771FB982}
	EndProjectSection
EndProject
Project("{8BC9CEB8-8B4A-11D0-8D11-00A0C91BC942}") = "Utility", "Component\Utility\Utility.vcxproj", "{50A20728-F5A5-3E34-B3AD-CD6F6C5F5AA9}"
EndProject
Project("{8BC9CEB8-8B4A-11D0-8D11-00A0C91BC942}") = "Communication", "Model\Communication\Communication.vcxproj", "{AE81810C-A233-34EF-BBA1-31E80507B03A}"
EndProject
Project("{8BC9CEB8-8B4A-11D0-8D11-00A0C91BC942}") = "MessageHandle", "Model\MessageHandle\MessageHandle.vcxproj", "{43A7F419-9674-4F0A-95DD-DB52260D1D4D}"
EndProject
Global
	GlobalSection(SolutionConfigurationPlatforms) = preSolution
		Debug|Win32 = Debug|Win32
		Debug|x64 = Debug|x64
		Release|Win32 = Release|Win32
		Release|x64 = Release|x64
	EndGlobalSection
	GlobalSection(ProjectConfigurationPlatforms) = postSolution
		{E53B6D90-7B85-3B40-995B-021B771FB982}.Debug|Win32.ActiveCfg = Debug|Win32
		{E53B6D90-7B85-3B40-995B-021B771FB982}.Debug|Win32.Build.0 = Debug|Win32
		{E53B6D90-7B85-3B40-995B-021B771FB982}.Debug|x64.ActiveCfg = Debug|Win32
		{E53B6D90-7B85-3B40-995B-021B771FB982}.Release|Win32.ActiveCfg = Release|Win32
		{E53B6D90-7B85-3B40-995B-021B771FB982}.Release|Win32.Build.0 = Release|Win32
		{E53B6D90-7B85-3B40-995B-021B771FB982}.Release|x64.ActiveCfg = Release|Win32
		{F7E8783A-7B06-3792-9DF7-21BC0B2B1357}.Debug|Win32.ActiveCfg = Debug|Win32
		{F7E8783A-7B06-3792-9DF7-21BC0B2B1357}.Debug|Win32.Build.0 = Debug|Win32
		{F7E8783A-7B06-3792-9DF7-21BC0B2B1357}.Debug|x64.ActiveCfg = Debug|Win32
		{F7E8783A-7B06-3792-9DF7-21BC0B2B1357}.Release|Win32.ActiveCfg = Release|Win32
		{F7E8783A-7B06-3792-9DF7-21BC0B2B1357}.Release|Win32.Build.0 = Release|Win32
		{F7E8783A-7B06-3792-9DF7-21BC0B2B1357}.Release|x64.ActiveCfg = Release|Win32
		{811D2617-A6BE-35F1-9FF3-719E9AF02B14}.Debug|Win32.ActiveCfg = Debug|Win32
		{811D2617-A6BE-35F1-9FF3-719E9AF02B14}.Debug|Win32.Build.0 = Debug|Win32
		{811D2617-A6BE-35F1-9FF3-719E9AF02B14}.Debug|x64.ActiveCfg = Debug|Win32
		{811D2617-A6BE-35F1-9FF3-719E9AF02B14}.Release|Win32.ActiveCfg = Release|Win32
		{811D2617-A6BE-35F1-9FF3-719E9AF02B14}.Release|Win32.Build.0 = Release|Win32
		{811D2617-A6BE-35F1-9FF3-719E9AF02B14}.Release|x64.ActiveCfg = Release|Win32
		{9793881B-3BF8-3165-94CB-9B26BF9766AF}.Debug|Win32.ActiveCfg = Debug|Win32
		{9793881B-3BF8-3165-94CB-9B26BF9766AF}.Debug|Win32.Build.0 = Debug|Win32
		{9793881B-3BF8-3165-94CB-9B26BF9766AF}.Debug|x64.ActiveCfg = Debug|Win32
		{9793881B-3BF8-3165-94CB-9B26BF9766AF}.Release|Win32.ActiveCfg = Release|Win32
		{9793881B-3BF8-3165-94CB-9B26BF9766AF}.Release|Win32.Build.0 = Release|Win32
		{9793881B-3BF8-3165-94CB-9B26BF9766AF}.Release|x64.ActiveCfg = Release|Win32
		{2D77741B-0C0C-36B3-93C5-C41BF2FAC493}.Debug|Win32.ActiveCfg = Debug|Win32
		{2D77741B-0C0C-36B3-93C5-C41BF2FAC493}.Debug|Win32.Build.0 = Debug|Win32
		{2D77741B-0C0C-36B3-93C5-C41BF2FAC493}.Debug|x64.ActiveCfg = Debug|Win32
		{2D77741B-0C0C-36B3-93C5-C41BF2FAC493}.Release|Win32.ActiveCfg = Release|Win32
		{2D77741B-0C0C-36B3-93C5-C41BF2FAC493}.Release|Win32.Build.0 = Release|Win32
		{2D77741B-0C0C-36B3-93C5-C41BF2FAC493}.Release|x64.ActiveCfg = Release|Win32
		{372C9288-24CD-35A6-8525-B43BC5E19DF5}.Debug|Win32.ActiveCfg = Debug|Win32
		{372C9288-24CD-35A6-8525-B43BC5E19DF5}.Debug|Win32.Build.0 = Debug|Win32
		{372C9288-24CD-35A6-8525-B43BC5E19DF5}.Debug|x64.ActiveCfg = Debug|Win32
		{372C9288-24CD-35A6-8525-B43BC5E19DF5}.Release|Win32.ActiveCfg = Release|Win32
		{372C9288-24CD-35A6-8525-B43BC5E19DF5}.Release|Win32.Build.0 = Release|Win32
		{372C9288-24CD-35A6-8525-B43BC5E19DF5}.Release|x64.ActiveCfg = Release|Win32
		{50A20728-F5A5-3E34-B3AD-CD6F6C5F5AA9}.Debug|Win32.ActiveCfg = Debug|Win32
		{50A20728-F5A5-3E34-B3AD-CD6F6C5F5AA9}.Debug|Win32.Build.0 = Debug|Win32
		{50A20728-F5A5-3E34-B3AD-CD6F6C5F5AA9}.Debug|x64.ActiveCfg = Debug|Win32
		{50A20728-F5A5-3E34-B3AD-CD6F6C5F5AA9}.Release|Win32.ActiveCfg = Release|Win32
		{50A20728-F5A5-3E34-B3AD-CD6F6C5F5AA9}.Release|Win32.Build.0 = Release|Win32
		{50A20728-F5A5-3E34-B3AD-CD6F6C5F5AA9}.Release|x64.ActiveCfg = Release|Win32
		{AE81810C-A233-34EF-BBA1-31E80507B03A}.Debug|Win32.ActiveCfg = Debug|Win32
		{AE81810C-A233-34EF-BBA1-31E80507B03A}.Debug|Win32.Build.0 = Debug|Win32
		{AE81810C-A233-34EF-BBA1-31E80507B03A}.Debug|x64.ActiveCfg = Debug|Win32
		{AE81810C-A233-34EF-BBA1-31E80507B03A}.Release|Win32.ActiveCfg = Release|Win32
		{AE81810C-A233-34EF-BBA1-31E80507B03A}.Release|Win32.Build.0 = Release|Win32
		{AE81810C-A233-34EF-BBA1-31E80507B03A}.Release|x64.ActiveCfg = Release|Win32
		{43A7F419-9674-4F0A-95DD-DB52260D1D4D}.Debug|Win32.ActiveCfg = Debug|Win32
		{43A7F419-9674-4F0A-95DD-DB52260D1D4D}.Debug|Win32.Build.0 = Debug|Win32
		{43A7F419-9674-4F0A-95DD-DB52260D1D4D}.Debug|x64.ActiveCfg = Debug|x64
		{43A7F419-9674-4F0A-95DD-DB52260D1D4D}.Debug|x64.Build.0 = Debug|x64
		{43A7F419-9674-4F0A-95DD-DB52260D1D4D}.Release|Win32.ActiveCfg = Release|Win32
		{43A7F419-9674-4F0A-95DD-DB52260D1D4D}.Release|Win32.Build.0 = Release|Win32
		{43A7F419-9674-4F0A-95DD-DB52260D1D4D}.Release|x64.ActiveCfg = Release|x64
		{43A7F419-9674-4F0A-95DD-DB52260D1D4D}.Release|x64.Build.0 = Release|x64
	EndGlobalSection
	GlobalSection(SolutionProperties) = preSolution
		HideSolutionNode = FALSE
	EndGlobalSection
	GlobalSection(NestedProjects) = preSolution
		{F7E8783A-7B06-3792-9DF7-21BC0B2B1357} = {44D4EAFC-A306-42BA-82E0-9E17793D4607}
		{811D2617-A6BE-35F1-9FF3-719E9AF02B14} = {44D4EAFC-A306-42BA-82E0-9E17793D4607}
		{9793881B-3BF8-3165-94CB-9B26BF9766AF} = {381516EB-3108-4D8B-A4A2-7F4C934E593E}
		{2D77741B-0C0C-36B3-93C5-C41BF2FAC493} = {6DB60C34-5DDD-4C0F-A9CF-54BFFC853BAB}
		{50A20728-F5A5-3E34-B3AD-CD6F6C5F5AA9} = {ED0046B0-AC41-44D8-ABD6-3DEFDC95C791}
		{AE81810C-A233-34EF-BBA1-31E80507B03A} = {381516EB-3108-4D8B-A4A2-7F4C934E593E}
		{43A7F419-9674-4F0A-95DD-DB52260D1D4D} = {381516EB-3108-4D8B-A4A2-7F4C934E593E}
	EndGlobalSection
	GlobalSection(ExtensibilityGlobals) = postSolution
		Qt5Version = msvc2013
		SolutionGuid = {D150E654-0279-4E74-93A5-5D13B1D3D16E}
	EndGlobalSection
EndGlobal
