<?xml version="1.0" encoding="utf-8"?>
<Project ToolsVersion="4.0" xmlns="http://schemas.microsoft.com/developer/msbuild/2003">
  <ItemGroup>
    <Filter Include="Source Files">
      <UniqueIdentifier>{4FC737F1-C7A5-4376-A066-2A32D752A2FF}</UniqueIdentifier>
      <Extensions>cpp;c;cc;cxx;def;odl;idl;hpj;bat;asm;asmx</Extensions>
    </Filter>
    <Filter Include="Header Files">
      <UniqueIdentifier>{93995380-89BD-4b04-88EB-625FBE52EBFB}</UniqueIdentifier>
      <Extensions>h;hh;hpp;hxx;hm;inl;inc;xsd</Extensions>
    </Filter>
    <Filter Include="Resource Files">
      <UniqueIdentifier>{67DA6AB6-F800-4c08-8B7A-83BB121AAD01}</UniqueIdentifier>
      <Extensions>rc;ico;cur;bmp;dlg;rc2;rct;bin;rgs;gif;jpg;jpeg;jpe;resx;tiff;tif;png;wav</Extensions>
    </Filter>
  </ItemGroup>
  <ItemGroup>
    <ClCompile Include="HandleRequestMessage.cpp">
      <Filter>Source Files</Filter>
    </ClCompile>
    <ClCompile Include="HandleRespondMessage.cpp">
      <Filter>Source Files</Filter>
    </ClCompile>
    <ClCompile Include="HandleNotifyMessage.cpp">
      <Filter>Source Files</Filter>
    </ClCompile>
    <ClCompile Include="ProtobufMsgFactory.cpp">
      <Filter>Source Files</Filter>
    </ClCompile>
    <ClCompile Include="Message.pb.cc">
      <Filter>Source Files</Filter>
    </ClCompile>
    <ClCompile Include="MessageHandle.cpp">
      <Filter>Source Files</Filter>
    </ClCompile>
    <ClCompile Include="IMessageColleague.cpp">
      <Filter>Source Files</Filter>
    </ClCompile>
  </ItemGroup>
  <ItemGroup>
    <ClInclude Include="HandleRequestMessage.h">
      <Filter>Header Files</Filter>
    </ClInclude>
    <ClInclude Include="HandleRespondMessage.h">
      <Filter>Header Files</Filter>
    </ClInclude>
    <ClInclude Include="HandleNotifyMessage.h">
      <Filter>Header Files</Filter>
    </ClInclude>
    <ClInclude Include="Message.pb.h">
      <Filter>Header Files</Filter>
    </ClInclude>
    <ClInclude Include="ProtobufMsgFactory.h">
      <Filter>Header Files</Filter>
    </ClInclude>
    <ClInclude Include="IMessageColleague.h">
      <Filter>Header Files</Filter>
    </ClInclude>
    <ClInclude Include="IMessageHandle.h">
      <Filter>Header Files</Filter>
    </ClInclude>
    <ClInclude Include="MessageHandle.h">
      <Filter>Header Files</Filter>
    </ClInclude>
  </ItemGroup>
</Project>