Microsoft Visual Studio Solution File, Format Version 12.00
# Visual Studio 2013
Project("{8BC9CEB8-8B4A-11D0-8D11-00A0C91BC942}") = "ViewManage", "D:/ProgramSrc/ProgramFramework/QClientFramework/View/ViewManage\ViewManage.vcxproj", "{F7E8783A-7B06-3792-9DF7-21BC0B2B1357}"
EndProject
Project("{8BC9CEB8-8B4A-11D0-8D11-00A0C91BC942}") = "MainWindow", "D:/ProgramSrc/ProgramFramework/QClientFramework/View/MainWindow\MainWindow.vcxproj", "{811D2617-A6BE-35F1-9FF3-719E9AF02B14}"
EndProject
Global
	GlobalSection(SolutionConfigurationPlatforms) = preSolution
		Debug|Win32 = Debug|Win32
		Release|Win32 = Release|Win32
	EndGlobalSection
	GlobalSection(ProjectConfigurationPlatforms) = postSolution
		{F7E8783A-7B06-3792-9DF7-21BC0B2B1357}.Debug|Win32.ActiveCfg = Debug|Win32
		{F7E8783A-7B06-3792-9DF7-21BC0B2B1357}.Debug|Win32.Build.0 = Debug|Win32
		{F7E8783A-7B06-3792-9DF7-21BC0B2B1357}.Release|Win32.ActiveCfg = Release|Win32
		{F7E8783A-7B06-3792-9DF7-21BC0B2B1357}.Release|Win32.Build.0 = Release|Win32
		{811D2617-A6BE-35F1-9FF3-719E9AF02B14}.Debug|Win32.ActiveCfg = Debug|Win32
		{811D2617-A6BE-35F1-9FF3-719E9AF02B14}.Debug|Win32.Build.0 = Debug|Win32
		{811D2617-A6BE-35F1-9FF3-719E9AF02B14}.Release|Win32.ActiveCfg = Release|Win32
		{811D2617-A6BE-35F1-9FF3-719E9AF02B14}.Release|Win32.Build.0 = Release|Win32
	EndGlobalSection
	GlobalSection(ExtensibilityGlobals) = postSolution
	EndGlobalSection
	GlobalSection(ExtensibilityAddIns) = postSolution
	EndGlobalSection
EndGlobal