<?xml version="1.0" encoding="utf-8"?>
<Project xmlns="http://schemas.microsoft.com/developer/msbuild/2003">
  <ItemGroup>
    <Filter Include="Header Files">
      <UniqueIdentifier>{93995380-89BD-4b04-88EB-625FBE52EBFB}</UniqueIdentifier>
      <Extensions>h;hpp;hxx;hm;inl;inc;xsd</Extensions>
    </Filter>
    <Filter Include="Source Files">
      <UniqueIdentifier>{4FC737F1-C7A5-4376-A066-2A32D752A2FF}</UniqueIdentifier>
      <Extensions>cpp;c;cxx;def;odl;idl;hpj;bat;asm;asmx</Extensions>
    </Filter>
    <Filter Include="Form Files">
      <UniqueIdentifier>{99349809-55BA-4b9d-BF79-8FDBB0286EB3}</UniqueIdentifier>
      <Extensions>ui</Extensions>
      <ParseFiles>true</ParseFiles>
    </Filter>
  </ItemGroup>
  <ItemGroup>
    <ClCompile Include="MMainWindow.cpp">
      <Filter>Source Files</Filter>
    </ClCompile>
    <ClCompile Include="FormStatistic.cpp">
      <Filter>Source Files</Filter>
    </ClCompile>
    <ClCompile Include="formAddData.cpp">
      <Filter>Source Files</Filter>
    </ClCompile>
    <ClCompile Include="FormLotteryNumber.cpp">
      <Filter>Source Files</Filter>
    </ClCompile>
  </ItemGroup>
  <ItemGroup>
    <QtMoc Include="MMainWindow.h">
      <Filter>Header Files</Filter>
    </QtMoc>
    <QtMoc Include="FormStatistic.h">
      <Filter>Header Files</Filter>
    </QtMoc>
    <QtMoc Include="formAddData.h">
      <Filter>Header Files</Filter>
    </QtMoc>
    <QtMoc Include="FormLotteryNumber.h">
      <Filter>Header Files</Filter>
    </QtMoc>
  </ItemGroup>
  <ItemGroup>
    <QtUic Include="MMainWindow.ui">
      <Filter>Form Files</Filter>
    </QtUic>
    <QtUic Include="FormStatistic.ui">
      <Filter>Form Files</Filter>
    </QtUic>
    <QtUic Include="formAddData.ui">
      <Filter>Form Files</Filter>
    </QtUic>
    <QtUic Include="FormLotteryNumber.ui">
      <Filter>Form Files</Filter>
    </QtUic>
  </ItemGroup>
</Project>